Microsoft Visual Studio Solution File, Format Version 8.00
Project("{8BC9CEB8-8B4A-11D0-8D11-00A0C91BC942}") = "ShortcutRelayXBE", "ShortcutRelayXBE.vcproj", "{DA883B1A-10CA-4D39-B72A-660EB260C90A}"
	ProjectSection(ProjectDependencies) = postProject
	EndProjectSection
EndProject
Global
	GlobalSection(SolutionConfiguration) = preSolution
		Debug = Debug
		Profile = Profile
		Profile_FastCap = Profile_FastCap
		Release = Release
		Release_LTCG = Release_LTCG
	EndGlobalSection
	GlobalSection(ProjectConfiguration) = postSolution
		{DA883B1A-10CA-4D39-B72A-660EB260C90A}.Debug.ActiveCfg = Debug|Xbox
		{DA883B1A-10CA-4D39-B72A-660EB260C90A}.Debug.Build.0 = Debug|Xbox
		{DA883B1A-10CA-4D39-B72A-660EB260C90A}.Profile.ActiveCfg = Profile|Xbox
		{DA883B1A-10CA-4D39-B72A-660EB260C90A}.Profile.Build.0 = Profile|Xbox
		{DA883B1A-10CA-4D39-B72A-660EB260C90A}.Profile_FastCap.ActiveCfg = Profile_FastCap|Xbox
		{DA883B1A-10CA-4D39-B72A-660EB260C90A}.Profile_FastCap.Build.0 = Profile_FastCap|Xbox
		{DA883B1A-10CA-4D39-B72A-660EB260C90A}.Release.ActiveCfg = Release|Xbox
		{DA883B1A-10CA-4D39-B72A-660EB260C90A}.Release.Build.0 = Release|Xbox
		{DA883B1A-10CA-4D39-B72A-660EB260C90A}.Release_LTCG.ActiveCfg = Release_LTCG|Xbox
		{DA883B1A-10CA-4D39-B72A-660EB260C90A}.Release_LTCG.Build.0 = Release_LTCG|Xbox
	EndGlobalSection
	GlobalSection(ExtensibilityGlobals) = postSolution
	EndGlobalSection
	GlobalSection(ExtensibilityAddIns) = postSolution
	EndGlobalSection
EndGlobal
